
Microsoft Visual Studio Solution File, Format Version 12.00
# Visual Studio Version 17
VisualStudioVersion = 17.4.33213.308
MinimumVisualStudioVersion = 10.0.40219.1
Project("{FAE04EC0-301F-11D3-BF4B-00C04F79EFBC}") = "HomeTask6ClassOOP", "HomeTask6ClassOOP\HomeTask6ClassOOP.csproj", "{F81D9510-57B9-4867-9B64-1186E8B023E6}"
EndProject
Global
	GlobalSection(SolutionConfigurationPlatforms) = preSolution
		Debug|Any CPU = Debug|Any CPU
		Release|Any CPU = Release|Any CPU
	EndGlobalSection
	GlobalSection(ProjectConfigurationPlatforms) = postSolution
		{F81D9510-57B9-4867-9B64-1186E8B023E6}.Debug|Any CPU.ActiveCfg = Debug|Any CPU
		{F81D9510-57B9-4867-9B64-1186E8B023E6}.Debug|Any CPU.Build.0 = Debug|Any CPU
		{F81D9510-57B9-4867-9B64-1186E8B023E6}.Release|Any CPU.ActiveCfg = Release|Any CPU
		{F81D9510-57B9-4867-9B64-1186E8B023E6}.Release|Any CPU.Build.0 = Release|Any CPU
	EndGlobalSection
	GlobalSection(SolutionProperties) = preSolution
		HideSolutionNode = FALSE
	EndGlobalSection
	GlobalSection(ExtensibilityGlobals) = postSolution
		SolutionGuid = {B0B97F1B-F9B0-4AB2-9569-2988AF9973A8}
	EndGlobalSection
EndGlobal
